
Microsoft Visual Studio Solution File, Format Version 11.00
# Visual Studio 2010
Project("{FAE04EC0-301F-11D3-BF4B-00C04F79EFBC}") = "NeuralNetWorkbench", "NeuralNetWorkbench\NeuralNetWorkbench.csproj", "{72F35ED1-6324-4DC5-A96C-AC69629CA9FB}"
EndProject
Project("{FAE04EC0-301F-11D3-BF4B-00C04F79EFBC}") = "NeuralNetwork", "..\NeuralNetwork\NeuralNetwork\NeuralNetwork.csproj", "{DFACA8B8-4E84-4440-AEC4-C655B147D892}"
EndProject
Global
	GlobalSection(SolutionConfigurationPlatforms) = preSolution
		Debug|x86 = Debug|x86
		Release|x86 = Release|x86
	EndGlobalSection
	GlobalSection(ProjectConfigurationPlatforms) = postSolution
		{72F35ED1-6324-4DC5-A96C-AC69629CA9FB}.Debug|x86.ActiveCfg = Debug|x86
		{72F35ED1-6324-4DC5-A96C-AC69629CA9FB}.Debug|x86.Build.0 = Debug|x86
		{72F35ED1-6324-4DC5-A96C-AC69629CA9FB}.Release|x86.ActiveCfg = Release|x86
		{72F35ED1-6324-4DC5-A96C-AC69629CA9FB}.Release|x86.Build.0 = Release|x86
		{DFACA8B8-4E84-4440-AEC4-C655B147D892}.Debug|x86.ActiveCfg = Debug|x86
		{DFACA8B8-4E84-4440-AEC4-C655B147D892}.Debug|x86.Build.0 = Debug|x86
		{DFACA8B8-4E84-4440-AEC4-C655B147D892}.Release|x86.ActiveCfg = Release|x86
		{DFACA8B8-4E84-4440-AEC4-C655B147D892}.Release|x86.Build.0 = Release|x86
	EndGlobalSection
	GlobalSection(SolutionProperties) = preSolution
		HideSolutionNode = FALSE
	EndGlobalSection
EndGlobal
